// !$*UTF8*$!
{
	archiveVersion = 1;
	classes = {
	};
	objectVersion = 48;
	objects = {

/* Begin PBXBuildFile section */
		4D14CF231FDDB20600F6352F /* MyMainModel.swift in Sources */ = {isa = PBXBuildFile; fileRef = 4D14CF221FDDB20600F6352F /* MyMainModel.swift */; };
		4D14CF251FDDBEFB00F6352F /* MySeasonModel.swift in Sources */ = {isa = PBXBuildFile; fileRef = 4D14CF241FDDBEFB00F6352F /* MySeasonModel.swift */; };
		4D14CF271FDDBF0500F6352F /* MyEpisodeModel.swift in Sources */ = {isa = PBXBuildFile; fileRef = 4D14CF261FDDBF0500F6352F /* MyEpisodeModel.swift */; };
		4D14CF291FDDC39900F6352F /* MyEpisodeDetailModel.swift in Sources */ = {isa = PBXBuildFile; fileRef = 4D14CF281FDDC39900F6352F /* MyEpisodeDetailModel.swift */; };
		4D307B311FE0420D000B6D4E /* Episode+CoreDataClass.swift in Sources */ = {isa = PBXBuildFile; fileRef = 4D307B2D1FE0420D000B6D4E /* Episode+CoreDataClass.swift */; };
		4D307B321FE0420D000B6D4E /* Episode+CoreDataProperties.swift in Sources */ = {isa = PBXBuildFile; fileRef = 4D307B2E1FE0420D000B6D4E /* Episode+CoreDataProperties.swift */; };
		4D307B361FE04A0B000B6D4E /* DownloadedSeasonViewController.swift in Sources */ = {isa = PBXBuildFile; fileRef = 4D307B351FE04A0B000B6D4E /* DownloadedSeasonViewController.swift */; };
		4D3408741FDE299D00FC737D /* Keys.swift in Sources */ = {isa = PBXBuildFile; fileRef = 4D3408731FDE299D00FC737D /* Keys.swift */; };
		4D3C3EF01FDCF5E0000D9138 /* Parser.swift in Sources */ = {isa = PBXBuildFile; fileRef = 4D3C3EEF1FDCF5E0000D9138 /* Parser.swift */; };
		4D3C3EF61FDD0271000D9138 /* DataSource.swift in Sources */ = {isa = PBXBuildFile; fileRef = 4D3C3EF51FDD0271000D9138 /* DataSource.swift */; };
		4D3C3EF91FDD0D90000D9138 /* SeasonTableViewCell.xib in Resources */ = {isa = PBXBuildFile; fileRef = 4D3C3EF81FDD0D90000D9138 /* SeasonTableViewCell.xib */; };
		4D733D431FE05DDF0014F3F2 /* GoT_Season_TableView.xcdatamodeld in Sources */ = {isa = PBXBuildFile; fileRef = 4D733D411FE05DDF0014F3F2 /* GoT_Season_TableView.xcdatamodeld */; };
		4D801F461FDE09CB0035703E /* AvailableSeasonViewController.swift in Sources */ = {isa = PBXBuildFile; fileRef = 4D801F451FDE09CB0035703E /* AvailableSeasonViewController.swift */; };
		4DD5EDE01FDE373A00D95133 /* SeasonTableViewCell.swift in Sources */ = {isa = PBXBuildFile; fileRef = 4DD5EDDF1FDE373A00D95133 /* SeasonTableViewCell.swift */; };
		4DD5EDE21FDEF54B00D95133 /* EpisodeDetailViewController.swift in Sources */ = {isa = PBXBuildFile; fileRef = 4DD5EDE11FDEF54B00D95133 /* EpisodeDetailViewController.swift */; };
		4DE4E8E21FDC52C100CABAE1 /* AppDelegate.swift in Sources */ = {isa = PBXBuildFile; fileRef = 4DE4E8E11FDC52C100CABAE1 /* AppDelegate.swift */; };
		4DE4E8E41FDC52C100CABAE1 /* TabBarController.swift in Sources */ = {isa = PBXBuildFile; fileRef = 4DE4E8E31FDC52C100CABAE1 /* TabBarController.swift */; };
		4DE4E8E71FDC52C100CABAE1 /* Main.storyboard in Resources */ = {isa = PBXBuildFile; fileRef = 4DE4E8E51FDC52C100CABAE1 /* Main.storyboard */; };
		4DE4E8EC1FDC52C100CABAE1 /* Assets.xcassets in Resources */ = {isa = PBXBuildFile; fileRef = 4DE4E8EB1FDC52C100CABAE1 /* Assets.xcassets */; };
		4DE4E8EF1FDC52C100CABAE1 /* LaunchScreen.storyboard in Resources */ = {isa = PBXBuildFile; fileRef = 4DE4E8ED1FDC52C100CABAE1 /* LaunchScreen.storyboard */; };
		4DE4E8FA1FDC52C100CABAE1 /* GoT_Season_TableViewTests.swift in Sources */ = {isa = PBXBuildFile; fileRef = 4DE4E8F91FDC52C100CABAE1 /* GoT_Season_TableViewTests.swift */; };
		4DE4E9051FDC52C100CABAE1 /* GoT_Season_TableViewUITests.swift in Sources */ = {isa = PBXBuildFile; fileRef = 4DE4E9041FDC52C100CABAE1 /* GoT_Season_TableViewUITests.swift */; };
		4DE4E9131FDC65A700CABAE1 /* GameOfThronesAPI.swift in Sources */ = {isa = PBXBuildFile; fileRef = 4DE4E9121FDC65A700CABAE1 /* GameOfThronesAPI.swift */; };
		4DE4E9151FDC6DBB00CABAE1 /* NetworkManager.swift in Sources */ = {isa = PBXBuildFile; fileRef = 4DE4E9141FDC6DBB00CABAE1 /* NetworkManager.swift */; };
		4DE4E9171FDC793600CABAE1 /* NetworkManagerDelegate.swift in Sources */ = {isa = PBXBuildFile; fileRef = 4DE4E9161FDC793600CABAE1 /* NetworkManagerDelegate.swift */; };
		4DE4E9271FDC982D00CABAE1 /* CoreDataManager.swift in Sources */ = {isa = PBXBuildFile; fileRef = 4DE4E9261FDC982D00CABAE1 /* CoreDataManager.swift */; };
		4DE4E9291FDC9A9800CABAE1 /* CoreDataKey.swift in Sources */ = {isa = PBXBuildFile; fileRef = 4DE4E9281FDC9A9800CABAE1 /* CoreDataKey.swift */; };
/* End PBXBuildFile section */

/* Begin PBXContainerItemProxy section */
		4DE4E8F61FDC52C100CABAE1 /* PBXContainerItemProxy */ = {
			isa = PBXContainerItemProxy;
			containerPortal = 4DE4E8D61FDC52C100CABAE1 /* Project object */;
			proxyType = 1;
			remoteGlobalIDString = 4DE4E8DD1FDC52C100CABAE1;
			remoteInfo = GoT_Season_TableView;
		};
		4DE4E9011FDC52C100CABAE1 /* PBXContainerItemProxy */ = {
			isa = PBXContainerItemProxy;
			containerPortal = 4DE4E8D61FDC52C100CABAE1 /* Project object */;
			proxyType = 1;
			remoteGlobalIDString = 4DE4E8DD1FDC52C100CABAE1;
			remoteInfo = GoT_Season_TableView;
		};
/* End PBXContainerItemProxy section */

/* Begin PBXFileReference section */
		4D14CF221FDDB20600F6352F /* MyMainModel.swift */ = {isa = PBXFileReference; lastKnownFileType = sourcecode.swift; path = MyMainModel.swift; sourceTree = "<group>"; };
		4D14CF241FDDBEFB00F6352F /* MySeasonModel.swift */ = {isa = PBXFileReference; lastKnownFileType = sourcecode.swift; path = MySeasonModel.swift; sourceTree = "<group>"; };
		4D14CF261FDDBF0500F6352F /* MyEpisodeModel.swift */ = {isa = PBXFileReference; lastKnownFileType = sourcecode.swift; path = MyEpisodeModel.swift; sourceTree = "<group>"; };
		4D14CF281FDDC39900F6352F /* MyEpisodeDetailModel.swift */ = {isa = PBXFileReference; lastKnownFileType = sourcecode.swift; path = MyEpisodeDetailModel.swift; sourceTree = "<group>"; };
		4D307B2D1FE0420D000B6D4E /* Episode+CoreDataClass.swift */ = {isa = PBXFileReference; lastKnownFileType = sourcecode.swift; path = "Episode+CoreDataClass.swift"; sourceTree = "<group>"; };
		4D307B2E1FE0420D000B6D4E /* Episode+CoreDataProperties.swift */ = {isa = PBXFileReference; lastKnownFileType = sourcecode.swift; path = "Episode+CoreDataProperties.swift"; sourceTree = "<group>"; };
		4D307B351FE04A0B000B6D4E /* DownloadedSeasonViewController.swift */ = {isa = PBXFileReference; lastKnownFileType = sourcecode.swift; path = DownloadedSeasonViewController.swift; sourceTree = "<group>"; };
		4D3408731FDE299D00FC737D /* Keys.swift */ = {isa = PBXFileReference; lastKnownFileType = sourcecode.swift; path = Keys.swift; sourceTree = "<group>"; };
		4D3C3EEF1FDCF5E0000D9138 /* Parser.swift */ = {isa = PBXFileReference; lastKnownFileType = sourcecode.swift; path = Parser.swift; sourceTree = "<group>"; };
		4D3C3EF51FDD0271000D9138 /* DataSource.swift */ = {isa = PBXFileReference; lastKnownFileType = sourcecode.swift; path = DataSource.swift; sourceTree = "<group>"; };
		4D3C3EF81FDD0D90000D9138 /* SeasonTableViewCell.xib */ = {isa = PBXFileReference; lastKnownFileType = file.xib; path = SeasonTableViewCell.xib; sourceTree = "<group>"; };
		4D733D421FE05DDF0014F3F2 /* GoT_Season_TableView.xcdatamodel */ = {isa = PBXFileReference; lastKnownFileType = wrapper.xcdatamodel; path = GoT_Season_TableView.xcdatamodel; sourceTree = "<group>"; };
		4D801F451FDE09CB0035703E /* AvailableSeasonViewController.swift */ = {isa = PBXFileReference; lastKnownFileType = sourcecode.swift; path = AvailableSeasonViewController.swift; sourceTree = "<group>"; };
		4DD5EDDF1FDE373A00D95133 /* SeasonTableViewCell.swift */ = {isa = PBXFileReference; lastKnownFileType = sourcecode.swift; path = SeasonTableViewCell.swift; sourceTree = "<group>"; };
		4DD5EDE11FDEF54B00D95133 /* EpisodeDetailViewController.swift */ = {isa = PBXFileReference; lastKnownFileType = sourcecode.swift; path = EpisodeDetailViewController.swift; sourceTree = "<group>"; };
		4DE4E8DE1FDC52C100CABAE1 /* GoT_Season_TableView.app */ = {isa = PBXFileReference; explicitFileType = wrapper.application; includeInIndex = 0; path = GoT_Season_TableView.app; sourceTree = BUILT_PRODUCTS_DIR; };
		4DE4E8E11FDC52C100CABAE1 /* AppDelegate.swift */ = {isa = PBXFileReference; lastKnownFileType = sourcecode.swift; path = AppDelegate.swift; sourceTree = "<group>"; };
		4DE4E8E31FDC52C100CABAE1 /* TabBarController.swift */ = {isa = PBXFileReference; lastKnownFileType = sourcecode.swift; path = TabBarController.swift; sourceTree = "<group>"; };
		4DE4E8E61FDC52C100CABAE1 /* Base */ = {isa = PBXFileReference; lastKnownFileType = file.storyboard; name = Base; path = Base.lproj/Main.storyboard; sourceTree = "<group>"; };
		4DE4E8EB1FDC52C100CABAE1 /* Assets.xcassets */ = {isa = PBXFileReference; lastKnownFileType = folder.assetcatalog; path = Assets.xcassets; sourceTree = "<group>"; };
		4DE4E8EE1FDC52C100CABAE1 /* Base */ = {isa = PBXFileReference; lastKnownFileType = file.storyboard; name = Base; path = Base.lproj/LaunchScreen.storyboard; sourceTree = "<group>"; };
		4DE4E8F01FDC52C100CABAE1 /* Info.plist */ = {isa = PBXFileReference; lastKnownFileType = text.plist.xml; path = Info.plist; sourceTree = "<group>"; };
		4DE4E8F51FDC52C100CABAE1 /* GoT_Season_TableViewTests.xctest */ = {isa = PBXFileReference; explicitFileType = wrapper.cfbundle; includeInIndex = 0; path = GoT_Season_TableViewTests.xctest; sourceTree = BUILT_PRODUCTS_DIR; };
		4DE4E8F91FDC52C100CABAE1 /* GoT_Season_TableViewTests.swift */ = {isa = PBXFileReference; lastKnownFileType = sourcecode.swift; path = GoT_Season_TableViewTests.swift; sourceTree = "<group>"; };
		4DE4E8FB1FDC52C100CABAE1 /* Info.plist */ = {isa = PBXFileReference; lastKnownFileType = text.plist.xml; path = Info.plist; sourceTree = "<group>"; };
		4DE4E9001FDC52C100CABAE1 /* GoT_Season_TableViewUITests.xctest */ = {isa = PBXFileReference; explicitFileType = wrapper.cfbundle; includeInIndex = 0; path = GoT_Season_TableViewUITests.xctest; sourceTree = BUILT_PRODUCTS_DIR; };
		4DE4E9041FDC52C100CABAE1 /* GoT_Season_TableViewUITests.swift */ = {isa = PBXFileReference; lastKnownFileType = sourcecode.swift; path = GoT_Season_TableViewUITests.swift; sourceTree = "<group>"; };
		4DE4E9061FDC52C100CABAE1 /* Info.plist */ = {isa = PBXFileReference; lastKnownFileType = text.plist.xml; path = Info.plist; sourceTree = "<group>"; };
		4DE4E9121FDC65A700CABAE1 /* GameOfThronesAPI.swift */ = {isa = PBXFileReference; lastKnownFileType = sourcecode.swift; path = GameOfThronesAPI.swift; sourceTree = "<group>"; };
		4DE4E9141FDC6DBB00CABAE1 /* NetworkManager.swift */ = {isa = PBXFileReference; lastKnownFileType = sourcecode.swift; path = NetworkManager.swift; sourceTree = "<group>"; };
		4DE4E9161FDC793600CABAE1 /* NetworkManagerDelegate.swift */ = {isa = PBXFileReference; lastKnownFileType = sourcecode.swift; path = NetworkManagerDelegate.swift; sourceTree = "<group>"; };
		4DE4E9261FDC982D00CABAE1 /* CoreDataManager.swift */ = {isa = PBXFileReference; lastKnownFileType = sourcecode.swift; path = CoreDataManager.swift; sourceTree = "<group>"; };
		4DE4E9281FDC9A9800CABAE1 /* CoreDataKey.swift */ = {isa = PBXFileReference; lastKnownFileType = sourcecode.swift; path = CoreDataKey.swift; sourceTree = "<group>"; };
/* End PBXFileReference section */

/* Begin PBXFrameworksBuildPhase section */
		4DE4E8DB1FDC52C100CABAE1 /* Frameworks */ = {
			isa = PBXFrameworksBuildPhase;
			buildActionMask = 2147483647;
			files = (
			);
			runOnlyForDeploymentPostprocessing = 0;
		};
		4DE4E8F21FDC52C100CABAE1 /* Frameworks */ = {
			isa = PBXFrameworksBuildPhase;
			buildActionMask = 2147483647;
			files = (
			);
			runOnlyForDeploymentPostprocessing = 0;
		};
		4DE4E8FD1FDC52C100CABAE1 /* Frameworks */ = {
			isa = PBXFrameworksBuildPhase;
			buildActionMask = 2147483647;
			files = (
			);
			runOnlyForDeploymentPostprocessing = 0;
		};
/* End PBXFrameworksBuildPhase section */

/* Begin PBXGroup section */
		4D14CF211FDDB1F200F6352F /* Model */ = {
			isa = PBXGroup;
			children = (
				4D14CF221FDDB20600F6352F /* MyMainModel.swift */,
				4D14CF241FDDBEFB00F6352F /* MySeasonModel.swift */,
				4D14CF261FDDBF0500F6352F /* MyEpisodeModel.swift */,
				4D14CF281FDDC39900F6352F /* MyEpisodeDetailModel.swift */,
			);
			path = Model;
			sourceTree = "<group>";
		};
		4D307B2C1FE041EA000B6D4E /* CoreData */ = {
			isa = PBXGroup;
			children = (
				4D307B2D1FE0420D000B6D4E /* Episode+CoreDataClass.swift */,
				4D307B2E1FE0420D000B6D4E /* Episode+CoreDataProperties.swift */,
			);
			name = CoreData;
			path = "New Group";
			sourceTree = "<group>";
		};
		4D3C3EEE1FDCF5BD000D9138 /* Helper */ = {
			isa = PBXGroup;
			children = (
				4D3C3EEF1FDCF5E0000D9138 /* Parser.swift */,
				4D3408731FDE299D00FC737D /* Keys.swift */,
			);
			path = Helper;
			sourceTree = "<group>";
		};
		4D3C3EF71FDD0D60000D9138 /* View */ = {
			isa = PBXGroup;
			children = (
				4D3C3EF81FDD0D90000D9138 /* SeasonTableViewCell.xib */,
				4DD5EDDF1FDE373A00D95133 /* SeasonTableViewCell.swift */,
			);
			path = View;
			sourceTree = "<group>";
		};
		4D801F441FDE09490035703E /* ViewController */ = {
			isa = PBXGroup;
			children = (
				4DE4E8E31FDC52C100CABAE1 /* TabBarController.swift */,
				4D801F451FDE09CB0035703E /* AvailableSeasonViewController.swift */,
				4D307B351FE04A0B000B6D4E /* DownloadedSeasonViewController.swift */,
				4DD5EDE11FDEF54B00D95133 /* EpisodeDetailViewController.swift */,
			);
			path = ViewController;
			sourceTree = "<group>";
		};
		4DE4E8D51FDC52C100CABAE1 = {
			isa = PBXGroup;
			children = (
				4DE4E8E01FDC52C100CABAE1 /* GoT_Season_TableView */,
				4DE4E8F81FDC52C100CABAE1 /* GoT_Season_TableViewTests */,
				4DE4E9031FDC52C100CABAE1 /* GoT_Season_TableViewUITests */,
				4DE4E8DF1FDC52C100CABAE1 /* Products */,
			);
			sourceTree = "<group>";
		};
		4DE4E8DF1FDC52C100CABAE1 /* Products */ = {
			isa = PBXGroup;
			children = (
				4DE4E8DE1FDC52C100CABAE1 /* GoT_Season_TableView.app */,
				4DE4E8F51FDC52C100CABAE1 /* GoT_Season_TableViewTests.xctest */,
				4DE4E9001FDC52C100CABAE1 /* GoT_Season_TableViewUITests.xctest */,
			);
			name = Products;
			sourceTree = "<group>";
		};
		4DE4E8E01FDC52C100CABAE1 /* GoT_Season_TableView */ = {
			isa = PBXGroup;
			children = (
				4D307B2C1FE041EA000B6D4E /* CoreData */,
				4DE4E8E11FDC52C100CABAE1 /* AppDelegate.swift */,
				4D3C3EF51FDD0271000D9138 /* DataSource.swift */,
				4DE4E9261FDC982D00CABAE1 /* CoreDataManager.swift */,
				4DE4E9281FDC9A9800CABAE1 /* CoreDataKey.swift */,
				4DE4E9141FDC6DBB00CABAE1 /* NetworkManager.swift */,
				4DE4E9161FDC793600CABAE1 /* NetworkManagerDelegate.swift */,
				4DE4E9121FDC65A700CABAE1 /* GameOfThronesAPI.swift */,
				4D801F441FDE09490035703E /* ViewController */,
				4D14CF211FDDB1F200F6352F /* Model */,
				4D3C3EEE1FDCF5BD000D9138 /* Helper */,
				4D3C3EF71FDD0D60000D9138 /* View */,
				4DE4E8E51FDC52C100CABAE1 /* Main.storyboard */,
				4D733D411FE05DDF0014F3F2 /* GoT_Season_TableView.xcdatamodeld */,
				4DE4E8EB1FDC52C100CABAE1 /* Assets.xcassets */,
				4DE4E8ED1FDC52C100CABAE1 /* LaunchScreen.storyboard */,
				4DE4E8F01FDC52C100CABAE1 /* Info.plist */,
			);
			path = GoT_Season_TableView;
			sourceTree = "<group>";
		};
		4DE4E8F81FDC52C100CABAE1 /* GoT_Season_TableViewTests */ = {
			isa = PBXGroup;
			children = (
				4DE4E8F91FDC52C100CABAE1 /* GoT_Season_TableViewTests.swift */,
				4DE4E8FB1FDC52C100CABAE1 /* Info.plist */,
			);
			path = GoT_Season_TableViewTests;
			sourceTree = "<group>";
		};
		4DE4E9031FDC52C100CABAE1 /* GoT_Season_TableViewUITests */ = {
			isa = PBXGroup;
			children = (
				4DE4E9041FDC52C100CABAE1 /* GoT_Season_TableViewUITests.swift */,
				4DE4E9061FDC52C100CABAE1 /* Info.plist */,
			);
			path = GoT_Season_TableViewUITests;
			sourceTree = "<group>";
		};
/* End PBXGroup section */

/* Begin PBXNativeTarget section */
		4DE4E8DD1FDC52C100CABAE1 /* GoT_Season_TableView */ = {
			isa = PBXNativeTarget;
			buildConfigurationList = 4DE4E9091FDC52C100CABAE1 /* Build configuration list for PBXNativeTarget "GoT_Season_TableView" */;
			buildPhases = (
				4DE4E8DA1FDC52C100CABAE1 /* Sources */,
				4DE4E8DB1FDC52C100CABAE1 /* Frameworks */,
				4DE4E8DC1FDC52C100CABAE1 /* Resources */,
			);
			buildRules = (
			);
			dependencies = (
			);
			name = GoT_Season_TableView;
			productName = GoT_Season_TableView;
			productReference = 4DE4E8DE1FDC52C100CABAE1 /* GoT_Season_TableView.app */;
			productType = "com.apple.product-type.application";
		};
		4DE4E8F41FDC52C100CABAE1 /* GoT_Season_TableViewTests */ = {
			isa = PBXNativeTarget;
			buildConfigurationList = 4DE4E90C1FDC52C100CABAE1 /* Build configuration list for PBXNativeTarget "GoT_Season_TableViewTests" */;
			buildPhases = (
				4DE4E8F11FDC52C100CABAE1 /* Sources */,
				4DE4E8F21FDC52C100CABAE1 /* Frameworks */,
				4DE4E8F31FDC52C100CABAE1 /* Resources */,
			);
			buildRules = (
			);
			dependencies = (
				4DE4E8F71FDC52C100CABAE1 /* PBXTargetDependency */,
			);
			name = GoT_Season_TableViewTests;
			productName = GoT_Season_TableViewTests;
			productReference = 4DE4E8F51FDC52C100CABAE1 /* GoT_Season_TableViewTests.xctest */;
			productType = "com.apple.product-type.bundle.unit-test";
		};
		4DE4E8FF1FDC52C100CABAE1 /* GoT_Season_TableViewUITests */ = {
			isa = PBXNativeTarget;
			buildConfigurationList = 4DE4E90F1FDC52C100CABAE1 /* Build configuration list for PBXNativeTarget "GoT_Season_TableViewUITests" */;
			buildPhases = (
				4DE4E8FC1FDC52C100CABAE1 /* Sources */,
				4DE4E8FD1FDC52C100CABAE1 /* Frameworks */,
				4DE4E8FE1FDC52C100CABAE1 /* Resources */,
			);
			buildRules = (
			);
			dependencies = (
				4DE4E9021FDC52C100CABAE1 /* PBXTargetDependency */,
			);
			name = GoT_Season_TableViewUITests;
			productName = GoT_Season_TableViewUITests;
			productReference = 4DE4E9001FDC52C100CABAE1 /* GoT_Season_TableViewUITests.xctest */;
			productType = "com.apple.product-type.bundle.ui-testing";
		};
/* End PBXNativeTarget section */

/* Begin PBXProject section */
		4DE4E8D61FDC52C100CABAE1 /* Project object */ = {
			isa = PBXProject;
			attributes = {
				LastSwiftUpdateCheck = 0910;
				LastUpgradeCheck = 0910;
				ORGANIZATIONNAME = "mobile consulting";
				TargetAttributes = {
					4DE4E8DD1FDC52C100CABAE1 = {
						CreatedOnToolsVersion = 9.1;
						ProvisioningStyle = Automatic;
					};
					4DE4E8F41FDC52C100CABAE1 = {
						CreatedOnToolsVersion = 9.1;
						ProvisioningStyle = Automatic;
						TestTargetID = 4DE4E8DD1FDC52C100CABAE1;
					};
					4DE4E8FF1FDC52C100CABAE1 = {
						CreatedOnToolsVersion = 9.1;
						ProvisioningStyle = Automatic;
						TestTargetID = 4DE4E8DD1FDC52C100CABAE1;
					};
				};
			};
			buildConfigurationList = 4DE4E8D91FDC52C100CABAE1 /* Build configuration list for PBXProject "GoT_Season_TableView" */;
			compatibilityVersion = "Xcode 8.0";
			developmentRegion = en;
			hasScannedForEncodings = 0;
			knownRegions = (
				en,
				Base,
			);
			mainGroup = 4DE4E8D51FDC52C100CABAE1;
			productRefGroup = 4DE4E8DF1FDC52C100CABAE1 /* Products */;
			projectDirPath = "";
			projectRoot = "";
			targets = (
				4DE4E8DD1FDC52C100CABAE1 /* GoT_Season_TableView */,
				4DE4E8F41FDC52C100CABAE1 /* GoT_Season_TableViewTests */,
				4DE4E8FF1FDC52C100CABAE1 /* GoT_Season_TableViewUITests */,
			);
		};
/* End PBXProject section */

/* Begin PBXResourcesBuildPhase section */
		4DE4E8DC1FDC52C100CABAE1 /* Resources */ = {
			isa = PBXResourcesBuildPhase;
			buildActionMask = 2147483647;
			files = (
				4D3C3EF91FDD0D90000D9138 /* SeasonTableViewCell.xib in Resources */,
				4DE4E8EF1FDC52C100CABAE1 /* LaunchScreen.storyboard in Resources */,
				4DE4E8EC1FDC52C100CABAE1 /* Assets.xcassets in Resources */,
				4DE4E8E71FDC52C100CABAE1 /* Main.storyboard in Resources */,
			);
			runOnlyForDeploymentPostprocessing = 0;
		};
		4DE4E8F31FDC52C100CABAE1 /* Resources */ = {
			isa = PBXResourcesBuildPhase;
			buildActionMask = 2147483647;
			files = (
			);
			runOnlyForDeploymentPostprocessing = 0;
		};
		4DE4E8FE1FDC52C100CABAE1 /* Resources */ = {
			isa = PBXResourcesBuildPhase;
			buildActionMask = 2147483647;
			files = (
			);
			runOnlyForDeploymentPostprocessing = 0;
		};
/* End PBXResourcesBuildPhase section */

/* Begin PBXSourcesBuildPhase section */
		4DE4E8DA1FDC52C100CABAE1 /* Sources */ = {
			isa = PBXSourcesBuildPhase;
			buildActionMask = 2147483647;
			files = (
				4D307B361FE04A0B000B6D4E /* DownloadedSeasonViewController.swift in Sources */,
				4D14CF271FDDBF0500F6352F /* MyEpisodeModel.swift in Sources */,
				4DD5EDE01FDE373A00D95133 /* SeasonTableViewCell.swift in Sources */,
				4DD5EDE21FDEF54B00D95133 /* EpisodeDetailViewController.swift in Sources */,
				4DE4E9131FDC65A700CABAE1 /* GameOfThronesAPI.swift in Sources */,
				4D3408741FDE299D00FC737D /* Keys.swift in Sources */,
				4D14CF251FDDBEFB00F6352F /* MySeasonModel.swift in Sources */,
				4D801F461FDE09CB0035703E /* AvailableSeasonViewController.swift in Sources */,
				4D733D431FE05DDF0014F3F2 /* GoT_Season_TableView.xcdatamodeld in Sources */,
				4D307B321FE0420D000B6D4E /* Episode+CoreDataProperties.swift in Sources */,
				4DE4E9151FDC6DBB00CABAE1 /* NetworkManager.swift in Sources */,
				4D3C3EF01FDCF5E0000D9138 /* Parser.swift in Sources */,
				4D14CF231FDDB20600F6352F /* MyMainModel.swift in Sources */,
				4DE4E8E41FDC52C100CABAE1 /* TabBarController.swift in Sources */,
				4D3C3EF61FDD0271000D9138 /* DataSource.swift in Sources */,
				4DE4E8E21FDC52C100CABAE1 /* AppDelegate.swift in Sources */,
				4D14CF291FDDC39900F6352F /* MyEpisodeDetailModel.swift in Sources */,
				4DE4E9291FDC9A9800CABAE1 /* CoreDataKey.swift in Sources */,
				4DE4E9271FDC982D00CABAE1 /* CoreDataManager.swift in Sources */,
				4DE4E9171FDC793600CABAE1 /* NetworkManagerDelegate.swift in Sources */,
				4D307B311FE0420D000B6D4E /* Episode+CoreDataClass.swift in Sources */,
			);
			runOnlyForDeploymentPostprocessing = 0;
		};
		4DE4E8F11FDC52C100CABAE1 /* Sources */ = {
			isa = PBXSourcesBuildPhase;
			buildActionMask = 2147483647;
			files = (
				4DE4E8FA1FDC52C100CABAE1 /* GoT_Season_TableViewTests.swift in Sources */,
			);
			runOnlyForDeploymentPostprocessing = 0;
		};
		4DE4E8FC1FDC52C100CABAE1 /* Sources */ = {
			isa = PBXSourcesBuildPhase;
			buildActionMask = 2147483647;
			files = (
				4DE4E9051FDC52C100CABAE1 /* GoT_Season_TableViewUITests.swift in Sources */,
			);
			runOnlyForDeploymentPostprocessing = 0;
		};
/* End PBXSourcesBuildPhase section */

/* Begin PBXTargetDependency section */
		4DE4E8F71FDC52C100CABAE1 /* PBXTargetDependency */ = {
			isa = PBXTargetDependency;
			target = 4DE4E8DD1FDC52C100CABAE1 /* GoT_Season_TableView */;
			targetProxy = 4DE4E8F61FDC52C100CABAE1 /* PBXContainerItemProxy */;
		};
		4DE4E9021FDC52C100CABAE1 /* PBXTargetDependency */ = {
			isa = PBXTargetDependency;
			target = 4DE4E8DD1FDC52C100CABAE1 /* GoT_Season_TableView */;
			targetProxy = 4DE4E9011FDC52C100CABAE1 /* PBXContainerItemProxy */;
		};
/* End PBXTargetDependency section */

/* Begin PBXVariantGroup section */
		4DE4E8E51FDC52C100CABAE1 /* Main.storyboard */ = {
			isa = PBXVariantGroup;
			children = (
				4DE4E8E61FDC52C100CABAE1 /* Base */,
			);
			name = Main.storyboard;
			sourceTree = "<group>";
		};
		4DE4E8ED1FDC52C100CABAE1 /* LaunchScreen.storyboard */ = {
			isa = PBXVariantGroup;
			children = (
				4DE4E8EE1FDC52C100CABAE1 /* Base */,
			);
			name = LaunchScreen.storyboard;
			sourceTree = "<group>";
		};
/* End PBXVariantGroup section */

/* Begin XCBuildConfiguration section */
		4DE4E9071FDC52C100CABAE1 /* Debug */ = {
			isa = XCBuildConfiguration;
			buildSettings = {
				ALWAYS_SEARCH_USER_PATHS = NO;
				CLANG_ANALYZER_NONNULL = YES;
				CLANG_ANALYZER_NUMBER_OBJECT_CONVERSION = YES_AGGRESSIVE;
				CLANG_CXX_LANGUAGE_STANDARD = "gnu++14";
				CLANG_CXX_LIBRARY = "libc++";
				CLANG_ENABLE_MODULES = YES;
				CLANG_ENABLE_OBJC_ARC = YES;
				CLANG_WARN_BLOCK_CAPTURE_AUTORELEASING = YES;
				CLANG_WARN_BOOL_CONVERSION = YES;
				CLANG_WARN_COMMA = YES;
				CLANG_WARN_CONSTANT_CONVERSION = YES;
				CLANG_WARN_DIRECT_OBJC_ISA_USAGE = YES_ERROR;
				CLANG_WARN_DOCUMENTATION_COMMENTS = YES;
				CLANG_WARN_EMPTY_BODY = YES;
				CLANG_WARN_ENUM_CONVERSION = YES;
				CLANG_WARN_INFINITE_RECURSION = YES;
				CLANG_WARN_INT_CONVERSION = YES;
				CLANG_WARN_NON_LITERAL_NULL_CONVERSION = YES;
				CLANG_WARN_OBJC_LITERAL_CONVERSION = YES;
				CLANG_WARN_OBJC_ROOT_CLASS = YES_ERROR;
				CLANG_WARN_RANGE_LOOP_ANALYSIS = YES;
				CLANG_WARN_STRICT_PROTOTYPES = YES;
				CLANG_WARN_SUSPICIOUS_MOVE = YES;
				CLANG_WARN_UNGUARDED_AVAILABILITY = YES_AGGRESSIVE;
				CLANG_WARN_UNREACHABLE_CODE = YES;
				CLANG_WARN__DUPLICATE_METHOD_MATCH = YES;
				CODE_SIGN_IDENTITY = "iPhone Developer";
				COPY_PHASE_STRIP = NO;
				DEBUG_INFORMATION_FORMAT = dwarf;
				ENABLE_STRICT_OBJC_MSGSEND = YES;
				ENABLE_TESTABILITY = YES;
				GCC_C_LANGUAGE_STANDARD = gnu11;
				GCC_DYNAMIC_NO_PIC = NO;
				GCC_NO_COMMON_BLOCKS = YES;
				GCC_OPTIMIZATION_LEVEL = 0;
				GCC_PREPROCESSOR_DEFINITIONS = (
					"DEBUG=1",
					"$(inherited)",
				);
				GCC_WARN_64_TO_32_BIT_CONVERSION = YES;
				GCC_WARN_ABOUT_RETURN_TYPE = YES_ERROR;
				GCC_WARN_UNDECLARED_SELECTOR = YES;
				GCC_WARN_UNINITIALIZED_AUTOS = YES_AGGRESSIVE;
				GCC_WARN_UNUSED_FUNCTION = YES;
				GCC_WARN_UNUSED_VARIABLE = YES;
				IPHONEOS_DEPLOYMENT_TARGET = 11.1;
				MTL_ENABLE_DEBUG_INFO = YES;
				ONLY_ACTIVE_ARCH = YES;
				SDKROOT = iphoneos;
				SWIFT_ACTIVE_COMPILATION_CONDITIONS = DEBUG;
				SWIFT_OPTIMIZATION_LEVEL = "-Onone";
			};
			name = Debug;
		};
		4DE4E9081FDC52C100CABAE1 /* Release */ = {
			isa = XCBuildConfiguration;
			buildSettings = {
				ALWAYS_SEARCH_USER_PATHS = NO;
				CLANG_ANALYZER_NONNULL = YES;
				CLANG_ANALYZER_NUMBER_OBJECT_CONVERSION = YES_AGGRESSIVE;
				CLANG_CXX_LANGUAGE_STANDARD = "gnu++14";
				CLANG_CXX_LIBRARY = "libc++";
				CLANG_ENABLE_MODULES = YES;
				CLANG_ENABLE_OBJC_ARC = YES;
				CLANG_WARN_BLOCK_CAPTURE_AUTORELEASING = YES;
				CLANG_WARN_BOOL_CONVERSION = YES;
				CLANG_WARN_COMMA = YES;
				CLANG_WARN_CONSTANT_CONVERSION = YES;
				CLANG_WARN_DIRECT_OBJC_ISA_USAGE = YES_ERROR;
				CLANG_WARN_DOCUMENTATION_COMMENTS = YES;
				CLANG_WARN_EMPTY_BODY = YES;
				CLANG_WARN_ENUM_CONVERSION = YES;
				CLANG_WARN_INFINITE_RECURSION = YES;
				CLANG_WARN_INT_CONVERSION = YES;
				CLANG_WARN_NON_LITERAL_NULL_CONVERSION = YES;
				CLANG_WARN_OBJC_LITERAL_CONVERSION = YES;
				CLANG_WARN_OBJC_ROOT_CLASS = YES_ERROR;
				CLANG_WARN_RANGE_LOOP_ANALYSIS = YES;
				CLANG_WARN_STRICT_PROTOTYPES = YES;
				CLANG_WARN_SUSPICIOUS_MOVE = YES;
				CLANG_WARN_UNGUARDED_AVAILABILITY = YES_AGGRESSIVE;
				CLANG_WARN_UNREACHABLE_CODE = YES;
				CLANG_WARN__DUPLICATE_METHOD_MATCH = YES;
				CODE_SIGN_IDENTITY = "iPhone Developer";
				COPY_PHASE_STRIP = NO;
				DEBUG_INFORMATION_FORMAT = "dwarf-with-dsym";
				ENABLE_NS_ASSERTIONS = NO;
				ENABLE_STRICT_OBJC_MSGSEND = YES;
				GCC_C_LANGUAGE_STANDARD = gnu11;
				GCC_NO_COMMON_BLOCKS = YES;
				GCC_WARN_64_TO_32_BIT_CONVERSION = YES;
				GCC_WARN_ABOUT_RETURN_TYPE = YES_ERROR;
				GCC_WARN_UNDECLARED_SELECTOR = YES;
				GCC_WARN_UNINITIALIZED_AUTOS = YES_AGGRESSIVE;
				GCC_WARN_UNUSED_FUNCTION = YES;
				GCC_WARN_UNUSED_VARIABLE = YES;
				IPHONEOS_DEPLOYMENT_TARGET = 11.1;
				MTL_ENABLE_DEBUG_INFO = NO;
				SDKROOT = iphoneos;
				SWIFT_OPTIMIZATION_LEVEL = "-Owholemodule";
				VALIDATE_PRODUCT = YES;
			};
			name = Release;
		};
		4DE4E90A1FDC52C100CABAE1 /* Debug */ = {
			isa = XCBuildConfiguration;
			buildSettings = {
				ASSETCATALOG_COMPILER_APPICON_NAME = AppIcon;
				CODE_SIGN_STYLE = Automatic;
				INFOPLIST_FILE = GoT_Season_TableView/Info.plist;
				LD_RUNPATH_SEARCH_PATHS = "$(inherited) @executable_path/Frameworks";
				PRODUCT_BUNDLE_IDENTIFIER = "mobile-consulting.GoT-Season-TableView";
				PRODUCT_NAME = "$(TARGET_NAME)";
				SWIFT_VERSION = 4.0;
				TARGETED_DEVICE_FAMILY = "1,2";
			};
			name = Debug;
		};
		4DE4E90B1FDC52C100CABAE1 /* Release */ = {
			isa = XCBuildConfiguration;
			buildSettings = {
				ASSETCATALOG_COMPILER_APPICON_NAME = AppIcon;
				CODE_SIGN_STYLE = Automatic;
				INFOPLIST_FILE = GoT_Season_TableView/Info.plist;
				LD_RUNPATH_SEARCH_PATHS = "$(inherited) @executable_path/Frameworks";
				PRODUCT_BUNDLE_IDENTIFIER = "mobile-consulting.GoT-Season-TableView";
				PRODUCT_NAME = "$(TARGET_NAME)";
				SWIFT_VERSION = 4.0;
				TARGETED_DEVICE_FAMILY = "1,2";
			};
			name = Release;
		};
		4DE4E90D1FDC52C100CABAE1 /* Debug */ = {
			isa = XCBuildConfiguration;
			buildSettings = {
				ALWAYS_EMBED_SWIFT_STANDARD_LIBRARIES = YES;
				BUNDLE_LOADER = "$(TEST_HOST)";
				CODE_SIGN_STYLE = Automatic;
				INFOPLIST_FILE = GoT_Season_TableViewTests/Info.plist;
				LD_RUNPATH_SEARCH_PATHS = "$(inherited) @executable_path/Frameworks @loader_path/Frameworks";
				PRODUCT_BUNDLE_IDENTIFIER = "mobile-consulting.GoT-Season-TableViewTests";
				PRODUCT_NAME = "$(TARGET_NAME)";
				SWIFT_VERSION = 4.0;
				TARGETED_DEVICE_FAMILY = "1,2";
				TEST_HOST = "$(BUILT_PRODUCTS_DIR)/GoT_Season_TableView.app/GoT_Season_TableView";
			};
			name = Debug;
		};
		4DE4E90E1FDC52C100CABAE1 /* Release */ = {
			isa = XCBuildConfiguration;
			buildSettings = {
				ALWAYS_EMBED_SWIFT_STANDARD_LIBRARIES = YES;
				BUNDLE_LOADER = "$(TEST_HOST)";
				CODE_SIGN_STYLE = Automatic;
				INFOPLIST_FILE = GoT_Season_TableViewTests/Info.plist;
				LD_RUNPATH_SEARCH_PATHS = "$(inherited) @executable_path/Frameworks @loader_path/Frameworks";
				PRODUCT_BUNDLE_IDENTIFIER = "mobile-consulting.GoT-Season-TableViewTests";
				PRODUCT_NAME = "$(TARGET_NAME)";
				SWIFT_VERSION = 4.0;
				TARGETED_DEVICE_FAMILY = "1,2";
				TEST_HOST = "$(BUILT_PRODUCTS_DIR)/GoT_Season_TableView.app/GoT_Season_TableView";
			};
			name = Release;
		};
		4DE4E9101FDC52C100CABAE1 /* Debug */ = {
			isa = XCBuildConfiguration;
			buildSettings = {
				ALWAYS_EMBED_SWIFT_STANDARD_LIBRARIES = YES;
				CODE_SIGN_STYLE = Automatic;
				INFOPLIST_FILE = GoT_Season_TableViewUITests/Info.plist;
				LD_RUNPATH_SEARCH_PATHS = "$(inherited) @executable_path/Frameworks @loader_path/Frameworks";
				PRODUCT_BUNDLE_IDENTIFIER = "mobile-consulting.GoT-Season-TableViewUITests";
				PRODUCT_NAME = "$(TARGET_NAME)";
				SWIFT_VERSION = 4.0;
				TARGETED_DEVICE_FAMILY = "1,2";
				TEST_TARGET_NAME = GoT_Season_TableView;
			};
			name = Debug;
		};
		4DE4E9111FDC52C100CABAE1 /* Release */ = {
			isa = XCBuildConfiguration;
			buildSettings = {
				ALWAYS_EMBED_SWIFT_STANDARD_LIBRARIES = YES;
				CODE_SIGN_STYLE = Automatic;
				INFOPLIST_FILE = GoT_Season_TableViewUITests/Info.plist;
				LD_RUNPATH_SEARCH_PATHS = "$(inherited) @executable_path/Frameworks @loader_path/Frameworks";
				PRODUCT_BUNDLE_IDENTIFIER = "mobile-consulting.GoT-Season-TableViewUITests";
				PRODUCT_NAME = "$(TARGET_NAME)";
				SWIFT_VERSION = 4.0;
				TARGETED_DEVICE_FAMILY = "1,2";
				TEST_TARGET_NAME = GoT_Season_TableView;
			};
			name = Release;
		};
/* End XCBuildConfiguration section */

/* Begin XCConfigurationList section */
		4DE4E8D91FDC52C100CABAE1 /* Build configuration list for PBXProject "GoT_Season_TableView" */ = {
			isa = XCConfigurationList;
			buildConfigurations = (
				4DE4E9071FDC52C100CABAE1 /* Debug */,
				4DE4E9081FDC52C100CABAE1 /* Release */,
			);
			defaultConfigurationIsVisible = 0;
			defaultConfigurationName = Release;
		};
		4DE4E9091FDC52C100CABAE1 /* Build configuration list for PBXNativeTarget "GoT_Season_TableView" */ = {
			isa = XCConfigurationList;
			buildConfigurations = (
				4DE4E90A1FDC52C100CABAE1 /* Debug */,
				4DE4E90B1FDC52C100CABAE1 /* Release */,
			);
			defaultConfigurationIsVisible = 0;
			defaultConfigurationName = Release;
		};
		4DE4E90C1FDC52C100CABAE1 /* Build configuration list for PBXNativeTarget "GoT_Season_TableViewTests" */ = {
			isa = XCConfigurationList;
			buildConfigurations = (
				4DE4E90D1FDC52C100CABAE1 /* Debug */,
				4DE4E90E1FDC52C100CABAE1 /* Release */,
			);
			defaultConfigurationIsVisible = 0;
			defaultConfigurationName = Release;
		};
		4DE4E90F1FDC52C100CABAE1 /* Build configuration list for PBXNativeTarget "GoT_Season_TableViewUITests" */ = {
			isa = XCConfigurationList;
			buildConfigurations = (
				4DE4E9101FDC52C100CABAE1 /* Debug */,
				4DE4E9111FDC52C100CABAE1 /* Release */,
			);
			defaultConfigurationIsVisible = 0;
			defaultConfigurationName = Release;
		};
/* End XCConfigurationList section */

/* Begin XCVersionGroup section */
		4D733D411FE05DDF0014F3F2 /* GoT_Season_TableView.xcdatamodeld */ = {
			isa = XCVersionGroup;
			children = (
				4D733D421FE05DDF0014F3F2 /* GoT_Season_TableView.xcdatamodel */,
			);
			currentVersion = 4D733D421FE05DDF0014F3F2 /* GoT_Season_TableView.xcdatamodel */;
			path = GoT_Season_TableView.xcdatamodeld;
			sourceTree = "<group>";
			versionGroupType = wrapper.xcdatamodel;
		};
/* End XCVersionGroup section */
	};
	rootObject = 4DE4E8D61FDC52C100CABAE1 /* Project object */;
}
